
Microsoft Visual Studio Solution File, Format Version 12.00
Project("{FAE04EC0-301F-11D3-BF4B-00C04F79EFBC}") = "QCEServices.Shared", "QCEServices.Shared\QCEServices.Shared.csproj", "{B9946867-D46B-494B-A561-806ABFEEEBF9}"
EndProject
Global
	GlobalSection(SolutionConfigurationPlatforms) = preSolution
		Debug|Any CPU = Debug|Any CPU
		Release|Any CPU = Release|Any CPU
	EndGlobalSection
	GlobalSection(ProjectConfigurationPlatforms) = postSolution
		{B9946867-D46B-494B-A561-806ABFEEEBF9}.Debug|Any CPU.ActiveCfg = Debug|Any CPU
		{B9946867-D46B-494B-A561-806ABFEEEBF9}.Debug|Any CPU.Build.0 = Debug|Any CPU
		{B9946867-D46B-494B-A561-806ABFEEEBF9}.Release|Any CPU.ActiveCfg = Release|Any CPU
		{B9946867-D46B-494B-A561-806ABFEEEBF9}.Release|Any CPU.Build.0 = Release|Any CPU
	EndGlobalSection
EndGlobal
